# This file is automatically @generated by Poetry 1.5.4 and should not be changed by hand.

[[package]]
name = "pyreconstruct"
version = "2.2.0"
description = "Python tools for interacting with XML files associated with RECONSTRUCT"
optional = false
python-versions = "*"
files = [
    {file = "PyRECONSTRUCT-2.2.0.tar.gz", hash = "sha256:48ed20eca8a4ff29840bf2639826339b7252c7c7456037c466ef6f323b3d8223"},
]

[metadata]
lock-version = "2.0"
python-versions = ">=3.10.0,<3.12"
content-hash = "3dbfaa4211097a7ff5f4393d4820d478c500562f6ab07ad9b3f76792f1966739"
